// !$*UTF8*$!
{
	archiveVersion = 1;
	classes = {
	};
	objectVersion = 77;
	objects = {

/* Begin PBXContainerItemProxy section */
		22B7FEF42CD7A893005754A5 /* PBXContainerItemProxy */ = {
			isa = PBXContainerItemProxy;
			containerPortal = 22B7FEDB2CD7A891005754A5 /* Project object */;
			proxyType = 1;
			remoteGlobalIDString = 22B7FEE22CD7A891005754A5;
			remoteInfo = Papcorns101;
		};
		22B7FEFE2CD7A893005754A5 /* PBXContainerItemProxy */ = {
			isa = PBXContainerItemProxy;
			containerPortal = 22B7FEDB2CD7A891005754A5 /* Project object */;
			proxyType = 1;
			remoteGlobalIDString = 22B7FEE22CD7A891005754A5;
			remoteInfo = Papcorns101;
		};
/* End PBXContainerItemProxy section */

/* Begin PBXFileReference section */
		22B7FEE32CD7A891005754A5 /* Papcorns101.app */ = {isa = PBXFileReference; explicitFileType = wrapper.application; includeInIndex = 0; path = Papcorns101.app; sourceTree = BUILT_PRODUCTS_DIR; };
		22B7FEF32CD7A893005754A5 /* Papcorns101Tests.xctest */ = {isa = PBXFileReference; explicitFileType = wrapper.cfbundle; includeInIndex = 0; path = Papcorns101Tests.xctest; sourceTree = BUILT_PRODUCTS_DIR; };
		22B7FEFD2CD7A893005754A5 /* Papcorns101UITests.xctest */ = {isa = PBXFileReference; explicitFileType = wrapper.cfbundle; includeInIndex = 0; path = Papcorns101UITests.xctest; sourceTree = BUILT_PRODUCTS_DIR; };
/* End PBXFileReference section */

/* Begin PBXFileSystemSynchronizedRootGroup section */
		22B7FEE52CD7A891005754A5 /* Papcorns101 */ = {
			isa = PBXFileSystemSynchronizedRootGroup;
			path = Papcorns101;
			sourceTree = "<group>";
		};
		22B7FEF62CD7A893005754A5 /* Papcorns101Tests */ = {
			isa = PBXFileSystemSynchronizedRootGroup;
			path = Papcorns101Tests;
			sourceTree = "<group>";
		};
		22B7FF002CD7A893005754A5 /* Papcorns101UITests */ = {
			isa = PBXFileSystemSynchronizedRootGroup;
			path = Papcorns101UITests;
			sourceTree = "<group>";
		};
/* End PBXFileSystemSynchronizedRootGroup section */

/* Begin PBXFrameworksBuildPhase section */
		22B7FEE02CD7A891005754A5 /* Frameworks */ = {
			isa = PBXFrameworksBuildPhase;
			buildActionMask = 2147483647;
			files = (
			);
			runOnlyForDeploymentPostprocessing = 0;
		};
		22B7FEF02CD7A893005754A5 /* Frameworks */ = {
			isa = PBXFrameworksBuildPhase;
			buildActionMask = 2147483647;
			files = (
			);
			runOnlyForDeploymentPostprocessing = 0;
		};
		22B7FEFA2CD7A893005754A5 /* Frameworks */ = {
			isa = PBXFrameworksBuildPhase;
			buildActionMask = 2147483647;
			files = (
			);
			runOnlyForDeploymentPostprocessing = 0;
		};
/* End PBXFrameworksBuildPhase section */

/* Begin PBXGroup section */
		22B7FEDA2CD7A891005754A5 = {
			isa = PBXGroup;
			children = (
				22B7FEE52CD7A891005754A5 /* Papcorns101 */,
				22B7FEF62CD7A893005754A5 /* Papcorns101Tests */,
				22B7FF002CD7A893005754A5 /* Papcorns101UITests */,
				22B7FEE42CD7A891005754A5 /* Products */,
			);
			sourceTree = "<group>";
		};
		22B7FEE42CD7A891005754A5 /* Products */ = {
			isa = PBXGroup;
			children = (
				22B7FEE32CD7A891005754A5 /* Papcorns101.app */,
				22B7FEF32CD7A893005754A5 /* Papcorns101Tests.xctest */,
				22B7FEFD2CD7A893005754A5 /* Papcorns101UITests.xctest */,
			);
			name = Products;
			sourceTree = "<group>";
		};
/* End PBXGroup section */

/* Begin PBXNativeTarget section */
		22B7FEE22CD7A891005754A5 /* Papcorns101 */ = {
			isa = PBXNativeTarget;
			buildConfigurationList = 22B7FF072CD7A893005754A5 /* Build configuration list for PBXNativeTarget "Papcorns101" */;
			buildPhases = (
				22B7FEDF2CD7A891005754A5 /* Sources */,
				22B7FEE02CD7A891005754A5 /* Frameworks */,
				22B7FEE12CD7A891005754A5 /* Resources */,
			);
			buildRules = (
			);
			dependencies = (
			);
			fileSystemSynchronizedGroups = (
				22B7FEE52CD7A891005754A5 /* Papcorns101 */,
			);
			name = Papcorns101;
			packageProductDependencies = (
			);
			productName = Papcorns101;
			productReference = 22B7FEE32CD7A891005754A5 /* Papcorns101.app */;
			productType = "com.apple.product-type.application";
		};
		22B7FEF22CD7A893005754A5 /* Papcorns101Tests */ = {
			isa = PBXNativeTarget;
			buildConfigurationList = 22B7FF0A2CD7A893005754A5 /* Build configuration list for PBXNativeTarget "Papcorns101Tests" */;
			buildPhases = (
				22B7FEEF2CD7A893005754A5 /* Sources */,
				22B7FEF02CD7A893005754A5 /* Frameworks */,
				22B7FEF12CD7A893005754A5 /* Resources */,
			);
			buildRules = (
			);
			dependencies = (
				22B7FEF52CD7A893005754A5 /* PBXTargetDependency */,
			);
			fileSystemSynchronizedGroups = (
				22B7FEF62CD7A893005754A5 /* Papcorns101Tests */,
			);
			name = Papcorns101Tests;
			packageProductDependencies = (
			);
			productName = Papcorns101Tests;
			productReference = 22B7FEF32CD7A893005754A5 /* Papcorns101Tests.xctest */;
			productType = "com.apple.product-type.bundle.unit-test";
		};
		22B7FEFC2CD7A893005754A5 /* Papcorns101UITests */ = {
			isa = PBXNativeTarget;
			buildConfigurationList = 22B7FF0D2CD7A893005754A5 /* Build configuration list for PBXNativeTarget "Papcorns101UITests" */;
			buildPhases = (
				22B7FEF92CD7A893005754A5 /* Sources */,
				22B7FEFA2CD7A893005754A5 /* Frameworks */,
				22B7FEFB2CD7A893005754A5 /* Resources */,
			);
			buildRules = (
			);
			dependencies = (
				22B7FEFF2CD7A893005754A5 /* PBXTargetDependency */,
			);
			fileSystemSynchronizedGroups = (
				22B7FF002CD7A893005754A5 /* Papcorns101UITests */,
			);
			name = Papcorns101UITests;
			packageProductDependencies = (
			);
			productName = Papcorns101UITests;
			productReference = 22B7FEFD2CD7A893005754A5 /* Papcorns101UITests.xctest */;
			productType = "com.apple.product-type.bundle.ui-testing";
		};
/* End PBXNativeTarget section */

/* Begin PBXProject section */
		22B7FEDB2CD7A891005754A5 /* Project object */ = {
			isa = PBXProject;
			attributes = {
				BuildIndependentTargetsInParallel = 1;
				LastSwiftUpdateCheck = 1600;
				LastUpgradeCheck = 1600;
				TargetAttributes = {
					22B7FEE22CD7A891005754A5 = {
						CreatedOnToolsVersion = 16.0;
					};
					22B7FEF22CD7A893005754A5 = {
						CreatedOnToolsVersion = 16.0;
						TestTargetID = 22B7FEE22CD7A891005754A5;
					};
					22B7FEFC2CD7A893005754A5 = {
						CreatedOnToolsVersion = 16.0;
						TestTargetID = 22B7FEE22CD7A891005754A5;
					};
				};
			};
			buildConfigurationList = 22B7FEDE2CD7A891005754A5 /* Build configuration list for PBXProject "Papcorns101" */;
			developmentRegion = en;
			hasScannedForEncodings = 0;
			knownRegions = (
				en,
				Base,
			);
			mainGroup = 22B7FEDA2CD7A891005754A5;
			minimizedProjectReferenceProxies = 1;
			preferredProjectObjectVersion = 77;
			productRefGroup = 22B7FEE42CD7A891005754A5 /* Products */;
			projectDirPath = "";
			projectRoot = "";
			targets = (
				22B7FEE22CD7A891005754A5 /* Papcorns101 */,
				22B7FEF22CD7A893005754A5 /* Papcorns101Tests */,
				22B7FEFC2CD7A893005754A5 /* Papcorns101UITests */,
			);
		};
/* End PBXProject section */

/* Begin PBXResourcesBuildPhase section */
		22B7FEE12CD7A891005754A5 /* Resources */ = {
			isa = PBXResourcesBuildPhase;
			buildActionMask = 2147483647;
			files = (
			);
			runOnlyForDeploymentPostprocessing = 0;
		};
		22B7FEF12CD7A893005754A5 /* Resources */ = {
			isa = PBXResourcesBuildPhase;
			buildActionMask = 2147483647;
			files = (
			);
			runOnlyForDeploymentPostprocessing = 0;
		};
		22B7FEFB2CD7A893005754A5 /* Resources */ = {
			isa = PBXResourcesBuildPhase;
			buildActionMask = 2147483647;
			files = (
			);
			runOnlyForDeploymentPostprocessing = 0;
		};
/* End PBXResourcesBuildPhase section */

/* Begin PBXSourcesBuildPhase section */
		22B7FEDF2CD7A891005754A5 /* Sources */ = {
			isa = PBXSourcesBuildPhase;
			buildActionMask = 2147483647;
			files = (
			);
			runOnlyForDeploymentPostprocessing = 0;
		};
		22B7FEEF2CD7A893005754A5 /* Sources */ = {
			isa = PBXSourcesBuildPhase;
			buildActionMask = 2147483647;
			files = (
			);
			runOnlyForDeploymentPostprocessing = 0;
		};
		22B7FEF92CD7A893005754A5 /* Sources */ = {
			isa = PBXSourcesBuildPhase;
			buildActionMask = 2147483647;
			files = (
			);
			runOnlyForDeploymentPostprocessing = 0;
		};
/* End PBXSourcesBuildPhase section */

/* Begin PBXTargetDependency section */
		22B7FEF52CD7A893005754A5 /* PBXTargetDependency */ = {
			isa = PBXTargetDependency;
			target = 22B7FEE22CD7A891005754A5 /* Papcorns101 */;
			targetProxy = 22B7FEF42CD7A893005754A5 /* PBXContainerItemProxy */;
		};
		22B7FEFF2CD7A893005754A5 /* PBXTargetDependency */ = {
			isa = PBXTargetDependency;
			target = 22B7FEE22CD7A891005754A5 /* Papcorns101 */;
			targetProxy = 22B7FEFE2CD7A893005754A5 /* PBXContainerItemProxy */;
		};
/* End PBXTargetDependency section */

/* Begin XCBuildConfiguration section */
		22B7FF052CD7A893005754A5 /* Debug */ = {
			isa = XCBuildConfiguration;
			buildSettings = {
				ALWAYS_SEARCH_USER_PATHS = NO;
				ASSETCATALOG_COMPILER_GENERATE_SWIFT_ASSET_SYMBOL_EXTENSIONS = YES;
				CLANG_ANALYZER_NONNULL = YES;
				CLANG_ANALYZER_NUMBER_OBJECT_CONVERSION = YES_AGGRESSIVE;
				CLANG_CXX_LANGUAGE_STANDARD = "gnu++20";
				CLANG_ENABLE_MODULES = YES;
				CLANG_ENABLE_OBJC_ARC = YES;
				CLANG_ENABLE_OBJC_WEAK = YES;
				CLANG_WARN_BLOCK_CAPTURE_AUTORELEASING = YES;
				CLANG_WARN_BOOL_CONVERSION = YES;
				CLANG_WARN_COMMA = YES;
				CLANG_WARN_CONSTANT_CONVERSION = YES;
				CLANG_WARN_DEPRECATED_OBJC_IMPLEMENTATIONS = YES;
				CLANG_WARN_DIRECT_OBJC_ISA_USAGE = YES_ERROR;
				CLANG_WARN_DOCUMENTATION_COMMENTS = YES;
				CLANG_WARN_EMPTY_BODY = YES;
				CLANG_WARN_ENUM_CONVERSION = YES;
				CLANG_WARN_INFINITE_RECURSION = YES;
				CLANG_WARN_INT_CONVERSION = YES;
				CLANG_WARN_NON_LITERAL_NULL_CONVERSION = YES;
				CLANG_WARN_OBJC_IMPLICIT_RETAIN_SELF = YES;
				CLANG_WARN_OBJC_LITERAL_CONVERSION = YES;
				CLANG_WARN_OBJC_ROOT_CLASS = YES_ERROR;
				CLANG_WARN_QUOTED_INCLUDE_IN_FRAMEWORK_HEADER = YES;
				CLANG_WARN_RANGE_LOOP_ANALYSIS = YES;
				CLANG_WARN_STRICT_PROTOTYPES = YES;
				CLANG_WARN_SUSPICIOUS_MOVE = YES;
				CLANG_WARN_UNGUARDED_AVAILABILITY = YES_AGGRESSIVE;
				CLANG_WARN_UNREACHABLE_CODE = YES;
				CLANG_WARN__DUPLICATE_METHOD_MATCH = YES;
				COPY_PHASE_STRIP = NO;
				DEBUG_INFORMATION_FORMAT = dwarf;
				ENABLE_STRICT_OBJC_MSGSEND = YES;
				ENABLE_TESTABILITY = YES;
				ENABLE_USER_SCRIPT_SANDBOXING = YES;
				GCC_C_LANGUAGE_STANDARD = gnu17;
				GCC_DYNAMIC_NO_PIC = NO;
				GCC_NO_COMMON_BLOCKS = YES;
				GCC_OPTIMIZATION_LEVEL = 0;
				GCC_PREPROCESSOR_DEFINITIONS = (
					"DEBUG=1",
					"$(inherited)",
				);
				GCC_WARN_64_TO_32_BIT_CONVERSION = YES;
				GCC_WARN_ABOUT_RETURN_TYPE = YES_ERROR;
				GCC_WARN_UNDECLARED_SELECTOR = YES;
				GCC_WARN_UNINITIALIZED_AUTOS = YES_AGGRESSIVE;
				GCC_WARN_UNUSED_FUNCTION = YES;
				GCC_WARN_UNUSED_VARIABLE = YES;
				IPHONEOS_DEPLOYMENT_TARGET = 18.0;
				LOCALIZATION_PREFERS_STRING_CATALOGS = YES;
				MTL_ENABLE_DEBUG_INFO = INCLUDE_SOURCE;
				MTL_FAST_MATH = YES;
				ONLY_ACTIVE_ARCH = YES;
				SDKROOT = iphoneos;
				SWIFT_ACTIVE_COMPILATION_CONDITIONS = "DEBUG $(inherited)";
				SWIFT_OPTIMIZATION_LEVEL = "-Onone";
			};
			name = Debug;
		};
		22B7FF062CD7A893005754A5 /* Release */ = {
			isa = XCBuildConfiguration;
			buildSettings = {
				ALWAYS_SEARCH_USER_PATHS = NO;
				ASSETCATALOG_COMPILER_GENERATE_SWIFT_ASSET_SYMBOL_EXTENSIONS = YES;
				CLANG_ANALYZER_NONNULL = YES;
				CLANG_ANALYZER_NUMBER_OBJECT_CONVERSION = YES_AGGRESSIVE;
				CLANG_CXX_LANGUAGE_STANDARD = "gnu++20";
				CLANG_ENABLE_MODULES = YES;
				CLANG_ENABLE_OBJC_ARC = YES;
				CLANG_ENABLE_OBJC_WEAK = YES;
				CLANG_WARN_BLOCK_CAPTURE_AUTORELEASING = YES;
				CLANG_WARN_BOOL_CONVERSION = YES;
				CLANG_WARN_COMMA = YES;
				CLANG_WARN_CONSTANT_CONVERSION = YES;
				CLANG_WARN_DEPRECATED_OBJC_IMPLEMENTATIONS = YES;
				CLANG_WARN_DIRECT_OBJC_ISA_USAGE = YES_ERROR;
				CLANG_WARN_DOCUMENTATION_COMMENTS = YES;
				CLANG_WARN_EMPTY_BODY = YES;
				CLANG_WARN_ENUM_CONVERSION = YES;
				CLANG_WARN_INFINITE_RECURSION = YES;
				CLANG_WARN_INT_CONVERSION = YES;
				CLANG_WARN_NON_LITERAL_NULL_CONVERSION = YES;
				CLANG_WARN_OBJC_IMPLICIT_RETAIN_SELF = YES;
				CLANG_WARN_OBJC_LITERAL_CONVERSION = YES;
				CLANG_WARN_OBJC_ROOT_CLASS = YES_ERROR;
				CLANG_WARN_QUOTED_INCLUDE_IN_FRAMEWORK_HEADER = YES;
				CLANG_WARN_RANGE_LOOP_ANALYSIS = YES;
				CLANG_WARN_STRICT_PROTOTYPES = YES;
				CLANG_WARN_SUSPICIOUS_MOVE = YES;
				CLANG_WARN_UNGUARDED_AVAILABILITY = YES_AGGRESSIVE;
				CLANG_WARN_UNREACHABLE_CODE = YES;
				CLANG_WARN__DUPLICATE_METHOD_MATCH = YES;
				COPY_PHASE_STRIP = NO;
				DEBUG_INFORMATION_FORMAT = "dwarf-with-dsym";
				ENABLE_NS_ASSERTIONS = NO;
				ENABLE_STRICT_OBJC_MSGSEND = YES;
				ENABLE_USER_SCRIPT_SANDBOXING = YES;
				GCC_C_LANGUAGE_STANDARD = gnu17;
				GCC_NO_COMMON_BLOCKS = YES;
				GCC_WARN_64_TO_32_BIT_CONVERSION = YES;
				GCC_WARN_ABOUT_RETURN_TYPE = YES_ERROR;
				GCC_WARN_UNDECLARED_SELECTOR = YES;
				GCC_WARN_UNINITIALIZED_AUTOS = YES_AGGRESSIVE;
				GCC_WARN_UNUSED_FUNCTION = YES;
				GCC_WARN_UNUSED_VARIABLE = YES;
				IPHONEOS_DEPLOYMENT_TARGET = 18.0;
				LOCALIZATION_PREFERS_STRING_CATALOGS = YES;
				MTL_ENABLE_DEBUG_INFO = NO;
				MTL_FAST_MATH = YES;
				SDKROOT = iphoneos;
				SWIFT_COMPILATION_MODE = wholemodule;
				VALIDATE_PRODUCT = YES;
			};
			name = Release;
		};
		22B7FF082CD7A893005754A5 /* Debug */ = {
			isa = XCBuildConfiguration;
			buildSettings = {
				ASSETCATALOG_COMPILER_APPICON_NAME = AppIcon;
				ASSETCATALOG_COMPILER_GLOBAL_ACCENT_COLOR_NAME = AccentColor;
				CODE_SIGN_STYLE = Automatic;
				CURRENT_PROJECT_VERSION = 1;
				DEVELOPMENT_ASSET_PATHS = "\"Papcorns101/Preview Content\"";
				DEVELOPMENT_TEAM = B27XVP64K3;
				ENABLE_PREVIEWS = YES;
				GENERATE_INFOPLIST_FILE = YES;
				INFOPLIST_KEY_UIApplicationSceneManifest_Generation = YES;
				INFOPLIST_KEY_UIApplicationSupportsIndirectInputEvents = YES;
				INFOPLIST_KEY_UILaunchScreen_Generation = YES;
				INFOPLIST_KEY_UISupportedInterfaceOrientations_iPad = "UIInterfaceOrientationPortrait UIInterfaceOrientationPortraitUpsideDown UIInterfaceOrientationLandscapeLeft UIInterfaceOrientationLandscapeRight";
				INFOPLIST_KEY_UISupportedInterfaceOrientations_iPhone = "UIInterfaceOrientationPortrait UIInterfaceOrientationLandscapeLeft UIInterfaceOrientationLandscapeRight";
				LD_RUNPATH_SEARCH_PATHS = (
					"$(inherited)",
					"@executable_path/Frameworks",
				);
				MARKETING_VERSION = 1.0;
				PRODUCT_BUNDLE_IDENTIFIER = example.com.Papcorns101;
				PRODUCT_NAME = "$(TARGET_NAME)";
				SWIFT_EMIT_LOC_STRINGS = YES;
				SWIFT_VERSION = 5.0;
				TARGETED_DEVICE_FAMILY = "1,2";
			};
			name = Debug;
		};
		22B7FF092CD7A893005754A5 /* Release */ = {
			isa = XCBuildConfiguration;
			buildSettings = {
				ASSETCATALOG_COMPILER_APPICON_NAME = AppIcon;
				ASSETCATALOG_COMPILER_GLOBAL_ACCENT_COLOR_NAME = AccentColor;
				CODE_SIGN_STYLE = Automatic;
				CURRENT_PROJECT_VERSION = 1;
				DEVELOPMENT_ASSET_PATHS = "\"Papcorns101/Preview Content\"";
				DEVELOPMENT_TEAM = B27XVP64K3;
				ENABLE_PREVIEWS = YES;
				GENERATE_INFOPLIST_FILE = YES;
				INFOPLIST_KEY_UIApplicationSceneManifest_Generation = YES;
				INFOPLIST_KEY_UIApplicationSupportsIndirectInputEvents = YES;
				INFOPLIST_KEY_UILaunchScreen_Generation = YES;
				INFOPLIST_KEY_UISupportedInterfaceOrientations_iPad = "UIInterfaceOrientationPortrait UIInterfaceOrientationPortraitUpsideDown UIInterfaceOrientationLandscapeLeft UIInterfaceOrientationLandscapeRight";
				INFOPLIST_KEY_UISupportedInterfaceOrientations_iPhone = "UIInterfaceOrientationPortrait UIInterfaceOrientationLandscapeLeft UIInterfaceOrientationLandscapeRight";
				LD_RUNPATH_SEARCH_PATHS = (
					"$(inherited)",
					"@executable_path/Frameworks",
				);
				MARKETING_VERSION = 1.0;
				PRODUCT_BUNDLE_IDENTIFIER = example.com.Papcorns101;
				PRODUCT_NAME = "$(TARGET_NAME)";
				SWIFT_EMIT_LOC_STRINGS = YES;
				SWIFT_VERSION = 5.0;
				TARGETED_DEVICE_FAMILY = "1,2";
			};
			name = Release;
		};
		22B7FF0B2CD7A893005754A5 /* Debug */ = {
			isa = XCBuildConfiguration;
			buildSettings = {
				BUNDLE_LOADER = "$(TEST_HOST)";
				CODE_SIGN_STYLE = Automatic;
				CURRENT_PROJECT_VERSION = 1;
				DEVELOPMENT_TEAM = B27XVP64K3;
				GENERATE_INFOPLIST_FILE = YES;
				IPHONEOS_DEPLOYMENT_TARGET = 18.0;
				MARKETING_VERSION = 1.0;
				PRODUCT_BUNDLE_IDENTIFIER = example.com.Papcorns101Tests;
				PRODUCT_NAME = "$(TARGET_NAME)";
				SWIFT_EMIT_LOC_STRINGS = NO;
				SWIFT_VERSION = 5.0;
				TARGETED_DEVICE_FAMILY = "1,2";
				TEST_HOST = "$(BUILT_PRODUCTS_DIR)/Papcorns101.app/$(BUNDLE_EXECUTABLE_FOLDER_PATH)/Papcorns101";
			};
			name = Debug;
		};
		22B7FF0C2CD7A893005754A5 /* Release */ = {
			isa = XCBuildConfiguration;
			buildSettings = {
				BUNDLE_LOADER = "$(TEST_HOST)";
				CODE_SIGN_STYLE = Automatic;
				CURRENT_PROJECT_VERSION = 1;
				DEVELOPMENT_TEAM = B27XVP64K3;
				GENERATE_INFOPLIST_FILE = YES;
				IPHONEOS_DEPLOYMENT_TARGET = 18.0;
				MARKETING_VERSION = 1.0;
				PRODUCT_BUNDLE_IDENTIFIER = example.com.Papcorns101Tests;
				PRODUCT_NAME = "$(TARGET_NAME)";
				SWIFT_EMIT_LOC_STRINGS = NO;
				SWIFT_VERSION = 5.0;
				TARGETED_DEVICE_FAMILY = "1,2";
				TEST_HOST = "$(BUILT_PRODUCTS_DIR)/Papcorns101.app/$(BUNDLE_EXECUTABLE_FOLDER_PATH)/Papcorns101";
			};
			name = Release;
		};
		22B7FF0E2CD7A893005754A5 /* Debug */ = {
			isa = XCBuildConfiguration;
			buildSettings = {
				CODE_SIGN_STYLE = Automatic;
				CURRENT_PROJECT_VERSION = 1;
				DEVELOPMENT_TEAM = B27XVP64K3;
				GENERATE_INFOPLIST_FILE = YES;
				MARKETING_VERSION = 1.0;
				PRODUCT_BUNDLE_IDENTIFIER = example.com.Papcorns101UITests;
				PRODUCT_NAME = "$(TARGET_NAME)";
				SWIFT_EMIT_LOC_STRINGS = NO;
				SWIFT_VERSION = 5.0;
				TARGETED_DEVICE_FAMILY = "1,2";
				TEST_TARGET_NAME = Papcorns101;
			};
			name = Debug;
		};
		22B7FF0F2CD7A893005754A5 /* Release */ = {
			isa = XCBuildConfiguration;
			buildSettings = {
				CODE_SIGN_STYLE = Automatic;
				CURRENT_PROJECT_VERSION = 1;
				DEVELOPMENT_TEAM = B27XVP64K3;
				GENERATE_INFOPLIST_FILE = YES;
				MARKETING_VERSION = 1.0;
				PRODUCT_BUNDLE_IDENTIFIER = example.com.Papcorns101UITests;
				PRODUCT_NAME = "$(TARGET_NAME)";
				SWIFT_EMIT_LOC_STRINGS = NO;
				SWIFT_VERSION = 5.0;
				TARGETED_DEVICE_FAMILY = "1,2";
				TEST_TARGET_NAME = Papcorns101;
			};
			name = Release;
		};
/* End XCBuildConfiguration section */

/* Begin XCConfigurationList section */
		22B7FEDE2CD7A891005754A5 /* Build configuration list for PBXProject "Papcorns101" */ = {
			isa = XCConfigurationList;
			buildConfigurations = (
				22B7FF052CD7A893005754A5 /* Debug */,
				22B7FF062CD7A893005754A5 /* Release */,
			);
			defaultConfigurationIsVisible = 0;
			defaultConfigurationName = Release;
		};
		22B7FF072CD7A893005754A5 /* Build configuration list for PBXNativeTarget "Papcorns101" */ = {
			isa = XCConfigurationList;
			buildConfigurations = (
				22B7FF082CD7A893005754A5 /* Debug */,
				22B7FF092CD7A893005754A5 /* Release */,
			);
			defaultConfigurationIsVisible = 0;
			defaultConfigurationName = Release;
		};
		22B7FF0A2CD7A893005754A5 /* Build configuration list for PBXNativeTarget "Papcorns101Tests" */ = {
			isa = XCConfigurationList;
			buildConfigurations = (
				22B7FF0B2CD7A893005754A5 /* Debug */,
				22B7FF0C2CD7A893005754A5 /* Release */,
			);
			defaultConfigurationIsVisible = 0;
			defaultConfigurationName = Release;
		};
		22B7FF0D2CD7A893005754A5 /* Build configuration list for PBXNativeTarget "Papcorns101UITests" */ = {
			isa = XCConfigurationList;
			buildConfigurations = (
				22B7FF0E2CD7A893005754A5 /* Debug */,
				22B7FF0F2CD7A893005754A5 /* Release */,
			);
			defaultConfigurationIsVisible = 0;
			defaultConfigurationName = Release;
		};
/* End XCConfigurationList section */
	};
	rootObject = 22B7FEDB2CD7A891005754A5 /* Project object */;
}
